# Generated by buf. DO NOT EDIT.
version: v2
deps:
  - name: buf.build/bufbuild/protovalidate
    commit: 2a1774d888024a9b93ce7eb4b59f6a83
    digest: b5:6b7f9bc919b65e5b79d7b726ffc03d6f815a412d6b792970fa6f065cae162107bd0a9d47272c8ab1a2c9514e87b13d3fbf71df614374d62d2183afb64be2d30a
  - name: buf.build/go-sphere/binding
    commit: fac56e14fa0d438e83add1f0318b8334
    digest: b5:210755eba6b82c8eb026a8ac1d3db64de82a33d854bb4968715fb86e08dda8883c3f22e901d7e18d4f1b12cb644b1aa0578ba5ee37fb07be38f3cd4440704849
  - name: buf.build/go-sphere/errors
    commit: b6390f1a47f2492db6a511cea4207cd2
    digest: b5:3be9804eb8fa88c05dda15eb7b1939261c718233241a9ef03f39cf3757857482917a6c854f592830e67e7a8875b183b7623b2dc508f2cd57a8596a8de28be435
  - name: buf.build/go-sphere/options
    commit: 4deeee7aa2aa428f8b8bb4c9a46e5e19
    digest: b5:febdc906415213be5ee2600e35ca5a5e35213b847e4f23636f2d35ef18bec740465d229ecc9063911c49d9a848bceb5be9f2f89090cb6868b9102484e20ab25a
  - name: buf.build/googleapis/googleapis
    commit: 004180b77378443887d3b55cabc00384
    digest: b5:e8f475fe3330f31f5fd86ac689093bcd274e19611a09db91f41d637cb9197881ce89882b94d13a58738e53c91c6e4bae7dc1feba85f590164c975a89e25115dc
