# Generated by buf. DO NOT EDIT.
version: v2
deps:
  - name: buf.build/bufbuild/protovalidate
    commit: 80ab13bee0bf4272b6161a72bf7034e0
    digest: b5:1aa6a965be5d02d64e1d81954fa2e78ef9d1e33a0c30f92bc2626039006a94deb3a5b05f14ed8893f5c3ffce444ac008f7e968188ad225c4c29c813aa5f2daa1
  - name: buf.build/go-sphere/binding
    commit: 3aaca267961747409ab0fefc18eee7de
    digest: b5:38e78e0329c9aa8b91fb3065bb2afa906a656458207d594235918d77b5b26b55837fd4d1290ee63481986ccaf0c4282a8da9afdfb5b92927176929dcbce7e619
  - name: buf.build/go-sphere/errors
    commit: b6390f1a47f2492db6a511cea4207cd2
    digest: b5:3be9804eb8fa88c05dda15eb7b1939261c718233241a9ef03f39cf3757857482917a6c854f592830e67e7a8875b183b7623b2dc508f2cd57a8596a8de28be435
  - name: buf.build/go-sphere/options
    commit: 4deeee7aa2aa428f8b8bb4c9a46e5e19
    digest: b5:febdc906415213be5ee2600e35ca5a5e35213b847e4f23636f2d35ef18bec740465d229ecc9063911c49d9a848bceb5be9f2f89090cb6868b9102484e20ab25a
  - name: buf.build/googleapis/googleapis
    commit: 004180b77378443887d3b55cabc00384
    digest: b5:e8f475fe3330f31f5fd86ac689093bcd274e19611a09db91f41d637cb9197881ce89882b94d13a58738e53c91c6e4bae7dc1feba85f590164c975a89e25115dc
